PODS:
  - Nimble (9.2.1)
  - OCHamcrest (8.0.0)
  - OCMockito (6.0.0):
    - OCHamcrest (~> 8.0)
  - OCMockitoSwift (0.7.0):
    - OCHamcrest (~> 8.0)
    - OCMockito (~> 6.0.0)
  - Quick (4.0.0)

DEPENDENCIES:
  - Nimble
  - OCMockito
  - OCMockitoSwift (from `../`)
  - Quick

SPEC REPOS:
  trunk:
    - Nimble
    - OCHamcrest
    - OCMockito
    - Quick

EXTERNAL SOURCES:
  OCMockitoSwift:
    :path: "../"

SPEC CHECKSUMS:
  Nimble: e7e615c0335ee4bf5b0d786685451e62746117d5
  OCHamcrest: a613690381f1dac7637c18962c10dbe8feca4bb5
  OCMockito: 780f04370226f81a9d972c97d1203864ef609f5b
  OCMockitoSwift: cffae679545a22ebf508a251ac62da7f9762f67b
  Quick: 6473349e43b9271a8d43839d9ba1c442ed1b7ac4

PODFILE CHECKSUM: 7e408127f74335a3c0283112b3d0721987cb1774

COCOAPODS: 1.11.2
