// !$*UTF8*$!
{
	archiveVersion = 1;
	classes = {
	};
	objectVersion = 48;
	objects = {

/* Begin PBXBuildFile section */
		943E3DB22059045F00A142B1 /* AppDelegate.m in Sources */ = {isa = PBXBuildFile; fileRef = 943E3DB12059045F00A142B1 /* AppDelegate.m */; };
		943E3DB52059045F00A142B1 /* ViewController.m in Sources */ = {isa = PBXBuildFile; fileRef = 943E3DB42059045F00A142B1 /* ViewController.m */; };
		943E3DB82059045F00A142B1 /* Main.storyboard in Resources */ = {isa = PBXBuildFile; fileRef = 943E3DB62059045F00A142B1 /* Main.storyboard */; };
		943E3DBA2059045F00A142B1 /* Assets.xcassets in Resources */ = {isa = PBXBuildFile; fileRef = 943E3DB92059045F00A142B1 /* Assets.xcassets */; };
		943E3DBD2059045F00A142B1 /* LaunchScreen.storyboard in Resources */ = {isa = PBXBuildFile; fileRef = 943E3DBB2059045F00A142B1 /* LaunchScreen.storyboard */; };
		943E3DC02059045F00A142B1 /* main.m in Sources */ = {isa = PBXBuildFile; fileRef = 943E3DBF2059045F00A142B1 /* main.m */; };
/* End PBXBuildFile section */

/* Begin PBXFileReference section */
		943E3DAD2059045F00A142B1 /* OCMockitoSwift.app */ = {isa = PBXFileReference; explicitFileType = wrapper.application; includeInIndex = 0; path = OCMockitoSwift.app; sourceTree = BUILT_PRODUCTS_DIR; };
		943E3DB02059045F00A142B1 /* AppDelegate.h */ = {isa = PBXFileReference; lastKnownFileType = sourcecode.c.h; path = AppDelegate.h; sourceTree = "<group>"; };
		943E3DB12059045F00A142B1 /* AppDelegate.m */ = {isa = PBXFileReference; lastKnownFileType = sourcecode.c.objc; path = AppDelegate.m; sourceTree = "<group>"; };
		943E3DB32059045F00A142B1 /* ViewController.h */ = {isa = PBXFileReference; lastKnownFileType = sourcecode.c.h; path = ViewController.h; sourceTree = "<group>"; };
		943E3DB42059045F00A142B1 /* ViewController.m */ = {isa = PBXFileReference; lastKnownFileType = sourcecode.c.objc; path = ViewController.m; sourceTree = "<group>"; };
		943E3DB72059045F00A142B1 /* Base */ = {isa = PBXFileReference; lastKnownFileType = file.storyboard; name = Base; path = Base.lproj/Main.storyboard; sourceTree = "<group>"; };
		943E3DB92059045F00A142B1 /* Assets.xcassets */ = {isa = PBXFileReference; lastKnownFileType = folder.assetcatalog; path = Assets.xcassets; sourceTree = "<group>"; };
		943E3DBC2059045F00A142B1 /* Base */ = {isa = PBXFileReference; lastKnownFileType = file.storyboard; name = Base; path = Base.lproj/LaunchScreen.storyboard; sourceTree = "<group>"; };
		943E3DBE2059045F00A142B1 /* Info.plist */ = {isa = PBXFileReference; lastKnownFileType = text.plist.xml; path = Info.plist; sourceTree = "<group>"; };
		943E3DBF2059045F00A142B1 /* main.m */ = {isa = PBXFileReference; lastKnownFileType = sourcecode.c.objc; path = main.m; sourceTree = "<group>"; };
/* End PBXFileReference section */

/* Begin PBXFrameworksBuildPhase section */
		943E3DAA2059045F00A142B1 /* Frameworks */ = {
			isa = PBXFrameworksBuildPhase;
			buildActionMask = 2147483647;
			files = (
			);
			runOnlyForDeploymentPostprocessing = 0;
		};
/* End PBXFrameworksBuildPhase section */

/* Begin PBXGroup section */
		943E3DA42059045F00A142B1 = {
			isa = PBXGroup;
			children = (
				943E3DAF2059045F00A142B1 /* OCMockitoSwift */,
				943E3DAE2059045F00A142B1 /* Products */,
			);
			sourceTree = "<group>";
		};
		943E3DAE2059045F00A142B1 /* Products */ = {
			isa = PBXGroup;
			children = (
				943E3DAD2059045F00A142B1 /* OCMockitoSwift.app */,
			);
			name = Products;
			sourceTree = "<group>";
		};
		943E3DAF2059045F00A142B1 /* OCMockitoSwift */ = {
			isa = PBXGroup;
			children = (
				943E3DB02059045F00A142B1 /* AppDelegate.h */,
				943E3DB12059045F00A142B1 /* AppDelegate.m */,
				943E3DB32059045F00A142B1 /* ViewController.h */,
				943E3DB42059045F00A142B1 /* ViewController.m */,
				943E3DB62059045F00A142B1 /* Main.storyboard */,
				943E3DB92059045F00A142B1 /* Assets.xcassets */,
				943E3DBB2059045F00A142B1 /* LaunchScreen.storyboard */,
				943E3DBE2059045F00A142B1 /* Info.plist */,
				943E3DBF2059045F00A142B1 /* main.m */,
			);
			path = OCMockitoSwift;
			sourceTree = "<group>";
		};
/* End PBXGroup section */

/* Begin PBXNativeTarget section */
		943E3DAC2059045F00A142B1 /* OCMockitoSwift */ = {
			isa = PBXNativeTarget;
			buildConfigurationList = 943E3DC32059045F00A142B1 /* Build configuration list for PBXNativeTarget "OCMockitoSwift" */;
			buildPhases = (
				943E3DA92059045F00A142B1 /* Sources */,
				943E3DAA2059045F00A142B1 /* Frameworks */,
				943E3DAB2059045F00A142B1 /* Resources */,
			);
			buildRules = (
			);
			dependencies = (
			);
			name = OCMockitoSwift;
			productName = OCMockitoSwift;
			productReference = 943E3DAD2059045F00A142B1 /* OCMockitoSwift.app */;
			productType = "com.apple.product-type.application";
		};
/* End PBXNativeTarget section */

/* Begin PBXProject section */
		943E3DA52059045F00A142B1 /* Project object */ = {
			isa = PBXProject;
			attributes = {
				LastUpgradeCheck = 0920;
				ORGANIZATIONNAME = "The Fabulous";
				TargetAttributes = {
					943E3DAC2059045F00A142B1 = {
						CreatedOnToolsVersion = 9.2;
						ProvisioningStyle = Automatic;
					};
				};
			};
			buildConfigurationList = 943E3DA82059045F00A142B1 /* Build configuration list for PBXProject "OCMockitoSwift" */;
			compatibilityVersion = "Xcode 8.0";
			developmentRegion = en;
			hasScannedForEncodings = 0;
			knownRegions = (
				en,
				Base,
			);
			mainGroup = 943E3DA42059045F00A142B1;
			productRefGroup = 943E3DAE2059045F00A142B1 /* Products */;
			projectDirPath = "";
			projectRoot = "";
			targets = (
				943E3DAC2059045F00A142B1 /* OCMockitoSwift */,
			);
		};
/* End PBXProject section */

/* Begin PBXResourcesBuildPhase section */
		943E3DAB2059045F00A142B1 /* Resources */ = {
			isa = PBXResourcesBuildPhase;
			buildActionMask = 2147483647;
			files = (
				943E3DBD2059045F00A142B1 /* LaunchScreen.storyboard in Resources */,
				943E3DBA2059045F00A142B1 /* Assets.xcassets in Resources */,
				943E3DB82059045F00A142B1 /* Main.storyboard in Resources */,
			);
			runOnlyForDeploymentPostprocessing = 0;
		};
/* End PBXResourcesBuildPhase section */

/* Begin PBXSourcesBuildPhase section */
		943E3DA92059045F00A142B1 /* Sources */ = {
			isa = PBXSourcesBuildPhase;
			buildActionMask = 2147483647;
			files = (
				943E3DB52059045F00A142B1 /* ViewController.m in Sources */,
				943E3DC02059045F00A142B1 /* main.m in Sources */,
				943E3DB22059045F00A142B1 /* AppDelegate.m in Sources */,
			);
			runOnlyForDeploymentPostprocessing = 0;
		};
/* End PBXSourcesBuildPhase section */

/* Begin PBXVariantGroup section */
		943E3DB62059045F00A142B1 /* Main.storyboard */ = {
			isa = PBXVariantGroup;
			children = (
				943E3DB72059045F00A142B1 /* Base */,
			);
			name = Main.storyboard;
			sourceTree = "<group>";
		};
		943E3DBB2059045F00A142B1 /* LaunchScreen.storyboard */ = {
			isa = PBXVariantGroup;
			children = (
				943E3DBC2059045F00A142B1 /* Base */,
			);
			name = LaunchScreen.storyboard;
			sourceTree = "<group>";
		};
/* End PBXVariantGroup section */

/* Begin XCBuildConfiguration section */
		943E3DC12059045F00A142B1 /* Debug */ = {
			isa = XCBuildConfiguration;
			buildSettings = {
				ALWAYS_SEARCH_USER_PATHS = NO;
				CLANG_ANALYZER_NONNULL = YES;
				CLANG_ANALYZER_NUMBER_OBJECT_CONVERSION = YES_AGGRESSIVE;
				CLANG_CXX_LANGUAGE_STANDARD = "gnu++14";
				CLANG_CXX_LIBRARY = "libc++";
				CLANG_ENABLE_MODULES = YES;
				CLANG_ENABLE_OBJC_ARC = YES;
				CLANG_WARN_BLOCK_CAPTURE_AUTORELEASING = YES;
				CLANG_WARN_BOOL_CONVERSION = YES;
				CLANG_WARN_COMMA = YES;
				CLANG_WARN_CONSTANT_CONVERSION = YES;
				CLANG_WARN_DIRECT_OBJC_ISA_USAGE = YES_ERROR;
				CLANG_WARN_DOCUMENTATION_COMMENTS = YES;
				CLANG_WARN_EMPTY_BODY = YES;
				CLANG_WARN_ENUM_CONVERSION = YES;
				CLANG_WARN_INFINITE_RECURSION = YES;
				CLANG_WARN_INT_CONVERSION = YES;
				CLANG_WARN_NON_LITERAL_NULL_CONVERSION = YES;
				CLANG_WARN_OBJC_LITERAL_CONVERSION = YES;
				CLANG_WARN_OBJC_ROOT_CLASS = YES_ERROR;
				CLANG_WARN_RANGE_LOOP_ANALYSIS = YES;
				CLANG_WARN_STRICT_PROTOTYPES = YES;
				CLANG_WARN_SUSPICIOUS_MOVE = YES;
				CLANG_WARN_UNGUARDED_AVAILABILITY = YES_AGGRESSIVE;
				CLANG_WARN_UNREACHABLE_CODE = YES;
				CLANG_WARN__DUPLICATE_METHOD_MATCH = YES;
				CODE_SIGN_IDENTITY = "iPhone Developer";
				COPY_PHASE_STRIP = NO;
				DEBUG_INFORMATION_FORMAT = dwarf;
				ENABLE_STRICT_OBJC_MSGSEND = YES;
				ENABLE_TESTABILITY = YES;
				GCC_C_LANGUAGE_STANDARD = gnu11;
				GCC_DYNAMIC_NO_PIC = NO;
				GCC_NO_COMMON_BLOCKS = YES;
				GCC_OPTIMIZATION_LEVEL = 0;
				GCC_PREPROCESSOR_DEFINITIONS = (
					"DEBUG=1",
					"$(inherited)",
				);
				GCC_WARN_64_TO_32_BIT_CONVERSION = YES;
				GCC_WARN_ABOUT_RETURN_TYPE = YES_ERROR;
				GCC_WARN_UNDECLARED_SELECTOR = YES;
				GCC_WARN_UNINITIALIZED_AUTOS = YES_AGGRESSIVE;
				GCC_WARN_UNUSED_FUNCTION = YES;
				GCC_WARN_UNUSED_VARIABLE = YES;
				IPHONEOS_DEPLOYMENT_TARGET = 11.2;
				MTL_ENABLE_DEBUG_INFO = YES;
				ONLY_ACTIVE_ARCH = YES;
				SDKROOT = iphoneos;
			};
			name = Debug;
		};
		943E3DC22059045F00A142B1 /* Release */ = {
			isa = XCBuildConfiguration;
			buildSettings = {
				ALWAYS_SEARCH_USER_PATHS = NO;
				CLANG_ANALYZER_NONNULL = YES;
				CLANG_ANALYZER_NUMBER_OBJECT_CONVERSION = YES_AGGRESSIVE;
				CLANG_CXX_LANGUAGE_STANDARD = "gnu++14";
				CLANG_CXX_LIBRARY = "libc++";
				CLANG_ENABLE_MODULES = YES;
				CLANG_ENABLE_OBJC_ARC = YES;
				CLANG_WARN_BLOCK_CAPTURE_AUTORELEASING = YES;
				CLANG_WARN_BOOL_CONVERSION = YES;
				CLANG_WARN_COMMA = YES;
				CLANG_WARN_CONSTANT_CONVERSION = YES;
				CLANG_WARN_DIRECT_OBJC_ISA_USAGE = YES_ERROR;
				CLANG_WARN_DOCUMENTATION_COMMENTS = YES;
				CLANG_WARN_EMPTY_BODY = YES;
				CLANG_WARN_ENUM_CONVERSION = YES;
				CLANG_WARN_INFINITE_RECURSION = YES;
				CLANG_WARN_INT_CONVERSION = YES;
				CLANG_WARN_NON_LITERAL_NULL_CONVERSION = YES;
				CLANG_WARN_OBJC_LITERAL_CONVERSION = YES;
				CLANG_WARN_OBJC_ROOT_CLASS = YES_ERROR;
				CLANG_WARN_RANGE_LOOP_ANALYSIS = YES;
				CLANG_WARN_STRICT_PROTOTYPES = YES;
				CLANG_WARN_SUSPICIOUS_MOVE = YES;
				CLANG_WARN_UNGUARDED_AVAILABILITY = YES_AGGRESSIVE;
				CLANG_WARN_UNREACHABLE_CODE = YES;
				CLANG_WARN__DUPLICATE_METHOD_MATCH = YES;
				CODE_SIGN_IDENTITY = "iPhone Developer";
				COPY_PHASE_STRIP = NO;
				DEBUG_INFORMATION_FORMAT = "dwarf-with-dsym";
				ENABLE_NS_ASSERTIONS = NO;
				ENABLE_STRICT_OBJC_MSGSEND = YES;
				GCC_C_LANGUAGE_STANDARD = gnu11;
				GCC_NO_COMMON_BLOCKS = YES;
				GCC_WARN_64_TO_32_BIT_CONVERSION = YES;
				GCC_WARN_ABOUT_RETURN_TYPE = YES_ERROR;
				GCC_WARN_UNDECLARED_SELECTOR = YES;
				GCC_WARN_UNINITIALIZED_AUTOS = YES_AGGRESSIVE;
				GCC_WARN_UNUSED_FUNCTION = YES;
				GCC_WARN_UNUSED_VARIABLE = YES;
				IPHONEOS_DEPLOYMENT_TARGET = 11.2;
				MTL_ENABLE_DEBUG_INFO = NO;
				SDKROOT = iphoneos;
				VALIDATE_PRODUCT = YES;
			};
			name = Release;
		};
		943E3DC42059045F00A142B1 /* Debug */ = {
			isa = XCBuildConfiguration;
			buildSettings = {
				ASSETCATALOG_COMPILER_APPICON_NAME = AppIcon;
				CODE_SIGN_STYLE = Automatic;
				DEVELOPMENT_TEAM = DPE4LURAUZ;
				INFOPLIST_FILE = OCMockitoSwift/Info.plist;
				LD_RUNPATH_SEARCH_PATHS = "$(inherited) @executable_path/Frameworks";
				PRODUCT_BUNDLE_IDENTIFIER = com.thefabulous.OCMockitoSwift;
				PRODUCT_NAME = "$(TARGET_NAME)";
				TARGETED_DEVICE_FAMILY = "1,2";
			};
			name = Debug;
		};
		943E3DC52059045F00A142B1 /* Release */ = {
			isa = XCBuildConfiguration;
			buildSettings = {
				ASSETCATALOG_COMPILER_APPICON_NAME = AppIcon;
				CODE_SIGN_STYLE = Automatic;
				DEVELOPMENT_TEAM = DPE4LURAUZ;
				INFOPLIST_FILE = OCMockitoSwift/Info.plist;
				LD_RUNPATH_SEARCH_PATHS = "$(inherited) @executable_path/Frameworks";
				PRODUCT_BUNDLE_IDENTIFIER = com.thefabulous.OCMockitoSwift;
				PRODUCT_NAME = "$(TARGET_NAME)";
				TARGETED_DEVICE_FAMILY = "1,2";
			};
			name = Release;
		};
/* End XCBuildConfiguration section */

/* Begin XCConfigurationList section */
		943E3DA82059045F00A142B1 /* Build configuration list for PBXProject "OCMockitoSwift" */ = {
			isa = XCConfigurationList;
			buildConfigurations = (
				943E3DC12059045F00A142B1 /* Debug */,
				943E3DC22059045F00A142B1 /* Release */,
			);
			defaultConfigurationIsVisible = 0;
			defaultConfigurationName = Release;
		};
		943E3DC32059045F00A142B1 /* Build configuration list for PBXNativeTarget "OCMockitoSwift" */ = {
			isa = XCConfigurationList;
			buildConfigurations = (
				943E3DC42059045F00A142B1 /* Debug */,
				943E3DC52059045F00A142B1 /* Release */,
			);
			defaultConfigurationIsVisible = 0;
			defaultConfigurationName = Release;
		};
/* End XCConfigurationList section */
	};
	rootObject = 943E3DA52059045F00A142B1 /* Project object */;
}
