// !$*UTF8*$!
{
	archiveVersion = 1;
	classes = {
	};
	objectVersion = 48;
	objects = {

/* Begin PBXBuildFile section */
		510431D5EB41792C8482085B /* OCMockito.swift in Sources */ = {isa = PBXBuildFile; fileRef = 51043437926F7F0189A54633 /* OCMockito.swift */; };
		51043583ACAD17D9E6DA2806 /* TestClass.m in Sources */ = {isa = PBXBuildFile; fileRef = 51043520823DF0D894E120B9 /* TestClass.m */; };
		51043BD6B8AB4C8DAA972390 /* ObjectiveCException.m in Sources */ = {isa = PBXBuildFile; fileRef = 510436DA0961B97FF4B9AEC6 /* ObjectiveCException.m */; };
		56998A81E545E2204A12143B /* Pods_OCMockitoSwift.framework in Frameworks */ = {isa = PBXBuildFile; fileRef = 95DC88A118090CCEA3571AFE /* Pods_OCMockitoSwift.framework */; };
		943E3DB22059045F00A142B1 /* AppDelegate.m in Sources */ = {isa = PBXBuildFile; fileRef = 943E3DB12059045F00A142B1 /* AppDelegate.m */; };
		943E3DB52059045F00A142B1 /* ViewController.m in Sources */ = {isa = PBXBuildFile; fileRef = 943E3DB42059045F00A142B1 /* ViewController.m */; };
		943E3DB82059045F00A142B1 /* Main.storyboard in Resources */ = {isa = PBXBuildFile; fileRef = 943E3DB62059045F00A142B1 /* Main.storyboard */; };
		943E3DBA2059045F00A142B1 /* Assets.xcassets in Resources */ = {isa = PBXBuildFile; fileRef = 943E3DB92059045F00A142B1 /* Assets.xcassets */; };
		943E3DBD2059045F00A142B1 /* LaunchScreen.storyboard in Resources */ = {isa = PBXBuildFile; fileRef = 943E3DBB2059045F00A142B1 /* LaunchScreen.storyboard */; };
		943E3DC02059045F00A142B1 /* main.m in Sources */ = {isa = PBXBuildFile; fileRef = 943E3DBF2059045F00A142B1 /* main.m */; };
		943E3DCD205904E000A142B1 /* OCMockitoSwiftTests.swift in Sources */ = {isa = PBXBuildFile; fileRef = 943E3DCC205904E000A142B1 /* OCMockitoSwiftTests.swift */; };
		943E3DD72059079400A142B1 /* OCMockitoSwiftAdapter.m in Sources */ = {isa = PBXBuildFile; fileRef = 943E3DD62059079400A142B1 /* OCMockitoSwiftAdapter.m */; };
		D96EA546BCDDC714C548FD81 /* Pods_OCMockitoSwiftTests.framework in Frameworks */ = {isa = PBXBuildFile; fileRef = E435DEB7AEB2C6A486A35E8E /* Pods_OCMockitoSwiftTests.framework */; };
/* End PBXBuildFile section */

/* Begin PBXContainerItemProxy section */
		943E3DCF205904E000A142B1 /* PBXContainerItemProxy */ = {
			isa = PBXContainerItemProxy;
			containerPortal = 943E3DA52059045F00A142B1 /* Project object */;
			proxyType = 1;
			remoteGlobalIDString = 943E3DAC2059045F00A142B1;
			remoteInfo = OCMockitoSwift;
		};
/* End PBXContainerItemProxy section */

/* Begin PBXFileReference section */
		1B7586734A650F123DAC512E /* Pods-OCMockitoSwift.debug.xcconfig */ = {isa = PBXFileReference; includeInIndex = 1; lastKnownFileType = text.xcconfig; name = "Pods-OCMockitoSwift.debug.xcconfig"; path = "Pods/Target Support Files/Pods-OCMockitoSwift/Pods-OCMockitoSwift.debug.xcconfig"; sourceTree = "<group>"; };
		4D1F9AEE90C3E73F8A177D86 /* Pods-OCMockitoSwiftTests.debug.xcconfig */ = {isa = PBXFileReference; includeInIndex = 1; lastKnownFileType = text.xcconfig; name = "Pods-OCMockitoSwiftTests.debug.xcconfig"; path = "Pods/Target Support Files/Pods-OCMockitoSwiftTests/Pods-OCMockitoSwiftTests.debug.xcconfig"; sourceTree = "<group>"; };
		51043437926F7F0189A54633 /* OCMockito.swift */ = {isa = PBXFileReference; fileEncoding = 4; lastKnownFileType = sourcecode.swift; path = OCMockito.swift; sourceTree = "<group>"; };
		51043520823DF0D894E120B9 /* TestClass.m */ = {isa = PBXFileReference; fileEncoding = 4; lastKnownFileType = sourcecode.c.objc; path = TestClass.m; sourceTree = "<group>"; };
		5104366D8FDE02BB4B7AD691 /* TestProtocol.h */ = {isa = PBXFileReference; fileEncoding = 4; lastKnownFileType = sourcecode.c.h; path = TestProtocol.h; sourceTree = "<group>"; };
		510436DA0961B97FF4B9AEC6 /* ObjectiveCException.m */ = {isa = PBXFileReference; fileEncoding = 4; lastKnownFileType = sourcecode.c.objc; path = ObjectiveCException.m; sourceTree = "<group>"; };
		510439D7E79A75B54073E553 /* TestClass.h */ = {isa = PBXFileReference; fileEncoding = 4; lastKnownFileType = sourcecode.c.h; path = TestClass.h; sourceTree = "<group>"; };
		51043AF4CFEFF479F78E3F8F /* ObjectiveCException.h */ = {isa = PBXFileReference; fileEncoding = 4; lastKnownFileType = sourcecode.c.h; path = ObjectiveCException.h; sourceTree = "<group>"; };
		7DBB7C1F8ED86715C24DD8FF /* Pods-OCMockitoSwiftTests.release.xcconfig */ = {isa = PBXFileReference; includeInIndex = 1; lastKnownFileType = text.xcconfig; name = "Pods-OCMockitoSwiftTests.release.xcconfig"; path = "Pods/Target Support Files/Pods-OCMockitoSwiftTests/Pods-OCMockitoSwiftTests.release.xcconfig"; sourceTree = "<group>"; };
		943E3DAD2059045F00A142B1 /* OCMockitoSwift.app */ = {isa = PBXFileReference; explicitFileType = wrapper.application; includeInIndex = 0; path = OCMockitoSwift.app; sourceTree = BUILT_PRODUCTS_DIR; };
		943E3DB02059045F00A142B1 /* AppDelegate.h */ = {isa = PBXFileReference; lastKnownFileType = sourcecode.c.h; path = AppDelegate.h; sourceTree = "<group>"; };
		943E3DB12059045F00A142B1 /* AppDelegate.m */ = {isa = PBXFileReference; lastKnownFileType = sourcecode.c.objc; path = AppDelegate.m; sourceTree = "<group>"; };
		943E3DB32059045F00A142B1 /* ViewController.h */ = {isa = PBXFileReference; lastKnownFileType = sourcecode.c.h; path = ViewController.h; sourceTree = "<group>"; };
		943E3DB42059045F00A142B1 /* ViewController.m */ = {isa = PBXFileReference; lastKnownFileType = sourcecode.c.objc; path = ViewController.m; sourceTree = "<group>"; };
		943E3DB72059045F00A142B1 /* Base */ = {isa = PBXFileReference; lastKnownFileType = file.storyboard; name = Base; path = Base.lproj/Main.storyboard; sourceTree = "<group>"; };
		943E3DB92059045F00A142B1 /* Assets.xcassets */ = {isa = PBXFileReference; lastKnownFileType = folder.assetcatalog; path = Assets.xcassets; sourceTree = "<group>"; };
		943E3DBC2059045F00A142B1 /* Base */ = {isa = PBXFileReference; lastKnownFileType = file.storyboard; name = Base; path = Base.lproj/LaunchScreen.storyboard; sourceTree = "<group>"; };
		943E3DBE2059045F00A142B1 /* Info.plist */ = {isa = PBXFileReference; lastKnownFileType = text.plist.xml; path = Info.plist; sourceTree = "<group>"; };
		943E3DBF2059045F00A142B1 /* main.m */ = {isa = PBXFileReference; lastKnownFileType = sourcecode.c.objc; path = main.m; sourceTree = "<group>"; };
		943E3DCA205904E000A142B1 /* OCMockitoSwiftTests.xctest */ = {isa = PBXFileReference; explicitFileType = wrapper.cfbundle; includeInIndex = 0; path = OCMockitoSwiftTests.xctest; sourceTree = BUILT_PRODUCTS_DIR; };
		943E3DCC205904E000A142B1 /* OCMockitoSwiftTests.swift */ = {isa = PBXFileReference; lastKnownFileType = sourcecode.swift; path = OCMockitoSwiftTests.swift; sourceTree = "<group>"; };
		943E3DCE205904E000A142B1 /* Info.plist */ = {isa = PBXFileReference; lastKnownFileType = text.plist.xml; path = Info.plist; sourceTree = "<group>"; };
		943E3DD42059079400A142B1 /* OCMockitoSwiftTests-Bridging-Header.h */ = {isa = PBXFileReference; lastKnownFileType = sourcecode.c.h; path = "OCMockitoSwiftTests-Bridging-Header.h"; sourceTree = "<group>"; };
		943E3DD52059079400A142B1 /* OCMockitoSwiftAdapter.h */ = {isa = PBXFileReference; lastKnownFileType = sourcecode.c.h; path = OCMockitoSwiftAdapter.h; sourceTree = "<group>"; };
		943E3DD62059079400A142B1 /* OCMockitoSwiftAdapter.m */ = {isa = PBXFileReference; lastKnownFileType = sourcecode.c.objc; path = OCMockitoSwiftAdapter.m; sourceTree = "<group>"; };
		95DC88A118090CCEA3571AFE /* Pods_OCMockitoSwift.framework */ = {isa = PBXFileReference; explicitFileType = wrapper.framework; includeInIndex = 0; path = Pods_OCMockitoSwift.framework; sourceTree = BUILT_PRODUCTS_DIR; };
		E12D69502623D9E98E707B49 /* Pods-OCMockitoSwift.release.xcconfig */ = {isa = PBXFileReference; includeInIndex = 1; lastKnownFileType = text.xcconfig; name = "Pods-OCMockitoSwift.release.xcconfig"; path = "Pods/Target Support Files/Pods-OCMockitoSwift/Pods-OCMockitoSwift.release.xcconfig"; sourceTree = "<group>"; };
		E435DEB7AEB2C6A486A35E8E /* Pods_OCMockitoSwiftTests.framework */ = {isa = PBXFileReference; explicitFileType = wrapper.framework; includeInIndex = 0; path = Pods_OCMockitoSwiftTests.framework; sourceTree = BUILT_PRODUCTS_DIR; };
/* End PBXFileReference section */

/* Begin PBXFrameworksBuildPhase section */
		943E3DAA2059045F00A142B1 /* Frameworks */ = {
			isa = PBXFrameworksBuildPhase;
			buildActionMask = 2147483647;
			files = (
				56998A81E545E2204A12143B /* Pods_OCMockitoSwift.framework in Frameworks */,
			);
			runOnlyForDeploymentPostprocessing = 0;
		};
		943E3DC7205904E000A142B1 /* Frameworks */ = {
			isa = PBXFrameworksBuildPhase;
			buildActionMask = 2147483647;
			files = (
				D96EA546BCDDC714C548FD81 /* Pods_OCMockitoSwiftTests.framework in Frameworks */,
			);
			runOnlyForDeploymentPostprocessing = 0;
		};
/* End PBXFrameworksBuildPhase section */

/* Begin PBXGroup section */
		2E8418CF1846903F5F4F99F7 /* Frameworks */ = {
			isa = PBXGroup;
			children = (
				95DC88A118090CCEA3571AFE /* Pods_OCMockitoSwift.framework */,
				E435DEB7AEB2C6A486A35E8E /* Pods_OCMockitoSwiftTests.framework */,
			);
			name = Frameworks;
			sourceTree = "<group>";
		};
		51043817F58A0A9375693754 /* Helpers */ = {
			isa = PBXGroup;
			children = (
				510436DA0961B97FF4B9AEC6 /* ObjectiveCException.m */,
				51043AF4CFEFF479F78E3F8F /* ObjectiveCException.h */,
			);
			path = Helpers;
			sourceTree = "<group>";
		};
		51043ECF8F5E7C3E574F61E1 /* Fixtures */ = {
			isa = PBXGroup;
			children = (
				510439D7E79A75B54073E553 /* TestClass.h */,
				51043520823DF0D894E120B9 /* TestClass.m */,
				5104366D8FDE02BB4B7AD691 /* TestProtocol.h */,
			);
			path = Fixtures;
			sourceTree = "<group>";
		};
		680FAE4CBB673291265CB835 /* Pods */ = {
			isa = PBXGroup;
			children = (
				1B7586734A650F123DAC512E /* Pods-OCMockitoSwift.debug.xcconfig */,
				E12D69502623D9E98E707B49 /* Pods-OCMockitoSwift.release.xcconfig */,
				4D1F9AEE90C3E73F8A177D86 /* Pods-OCMockitoSwiftTests.debug.xcconfig */,
				7DBB7C1F8ED86715C24DD8FF /* Pods-OCMockitoSwiftTests.release.xcconfig */,
			);
			name = Pods;
			sourceTree = "<group>";
		};
		943E3DA42059045F00A142B1 = {
			isa = PBXGroup;
			children = (
				943E3DAF2059045F00A142B1 /* OCMockitoSwift */,
				943E3DCB205904E000A142B1 /* OCMockitoSwiftTests */,
				943E3DAE2059045F00A142B1 /* Products */,
				680FAE4CBB673291265CB835 /* Pods */,
				2E8418CF1846903F5F4F99F7 /* Frameworks */,
			);
			sourceTree = "<group>";
		};
		943E3DAE2059045F00A142B1 /* Products */ = {
			isa = PBXGroup;
			children = (
				943E3DAD2059045F00A142B1 /* OCMockitoSwift.app */,
				943E3DCA205904E000A142B1 /* OCMockitoSwiftTests.xctest */,
			);
			name = Products;
			sourceTree = "<group>";
		};
		943E3DAF2059045F00A142B1 /* OCMockitoSwift */ = {
			isa = PBXGroup;
			children = (
				943E3DB02059045F00A142B1 /* AppDelegate.h */,
				943E3DB12059045F00A142B1 /* AppDelegate.m */,
				943E3DB32059045F00A142B1 /* ViewController.h */,
				943E3DB42059045F00A142B1 /* ViewController.m */,
				943E3DB62059045F00A142B1 /* Main.storyboard */,
				943E3DB92059045F00A142B1 /* Assets.xcassets */,
				943E3DBB2059045F00A142B1 /* LaunchScreen.storyboard */,
				943E3DBE2059045F00A142B1 /* Info.plist */,
				943E3DBF2059045F00A142B1 /* main.m */,
			);
			path = OCMockitoSwift;
			sourceTree = "<group>";
		};
		943E3DCB205904E000A142B1 /* OCMockitoSwiftTests */ = {
			isa = PBXGroup;
			children = (
				943E3DCC205904E000A142B1 /* OCMockitoSwiftTests.swift */,
				943E3DCE205904E000A142B1 /* Info.plist */,
				943E3DD52059079400A142B1 /* OCMockitoSwiftAdapter.h */,
				943E3DD62059079400A142B1 /* OCMockitoSwiftAdapter.m */,
				943E3DD42059079400A142B1 /* OCMockitoSwiftTests-Bridging-Header.h */,
				51043ECF8F5E7C3E574F61E1 /* Fixtures */,
				51043817F58A0A9375693754 /* Helpers */,
				51043437926F7F0189A54633 /* OCMockito.swift */,
			);
			path = OCMockitoSwiftTests;
			sourceTree = "<group>";
		};
/* End PBXGroup section */

/* Begin PBXNativeTarget section */
		943E3DAC2059045F00A142B1 /* OCMockitoSwift */ = {
			isa = PBXNativeTarget;
			buildConfigurationList = 943E3DC32059045F00A142B1 /* Build configuration list for PBXNativeTarget "OCMockitoSwift" */;
			buildPhases = (
				72C24057C56F3A87A5089D24 /* [CP] Check Pods Manifest.lock */,
				943E3DA92059045F00A142B1 /* Sources */,
				943E3DAA2059045F00A142B1 /* Frameworks */,
				943E3DAB2059045F00A142B1 /* Resources */,
				C70EB1A23526E25C34DC4CC4 /* [CP] Embed Pods Frameworks */,
				A19B7AA671C3B106CFF4C666 /* [CP] Copy Pods Resources */,
			);
			buildRules = (
			);
			dependencies = (
			);
			name = OCMockitoSwift;
			productName = OCMockitoSwift;
			productReference = 943E3DAD2059045F00A142B1 /* OCMockitoSwift.app */;
			productType = "com.apple.product-type.application";
		};
		943E3DC9205904E000A142B1 /* OCMockitoSwiftTests */ = {
			isa = PBXNativeTarget;
			buildConfigurationList = 943E3DD3205904E000A142B1 /* Build configuration list for PBXNativeTarget "OCMockitoSwiftTests" */;
			buildPhases = (
				E62D9A67FC37FFDF480AD84E /* [CP] Check Pods Manifest.lock */,
				943E3DC6205904E000A142B1 /* Sources */,
				943E3DC7205904E000A142B1 /* Frameworks */,
				943E3DC8205904E000A142B1 /* Resources */,
				8D21E1E4C2CD5A1747BC6A4D /* [CP] Embed Pods Frameworks */,
				35326E9564B5C5F18F113E16 /* [CP] Copy Pods Resources */,
			);
			buildRules = (
			);
			dependencies = (
				943E3DD0205904E000A142B1 /* PBXTargetDependency */,
			);
			name = OCMockitoSwiftTests;
			productName = OCMockitoSwiftTests;
			productReference = 943E3DCA205904E000A142B1 /* OCMockitoSwiftTests.xctest */;
			productType = "com.apple.product-type.bundle.unit-test";
		};
/* End PBXNativeTarget section */

/* Begin PBXProject section */
		943E3DA52059045F00A142B1 /* Project object */ = {
			isa = PBXProject;
			attributes = {
				LastSwiftUpdateCheck = 0920;
				LastUpgradeCheck = 0920;
				ORGANIZATIONNAME = "Aleksander Zubala";
				TargetAttributes = {
					943E3DAC2059045F00A142B1 = {
						CreatedOnToolsVersion = 9.2;
						ProvisioningStyle = Automatic;
					};
					943E3DC9205904E000A142B1 = {
						CreatedOnToolsVersion = 9.2;
						LastSwiftMigration = 0920;
						ProvisioningStyle = Automatic;
						TestTargetID = 943E3DAC2059045F00A142B1;
					};
				};
			};
			buildConfigurationList = 943E3DA82059045F00A142B1 /* Build configuration list for PBXProject "OCMockitoSwift" */;
			compatibilityVersion = "Xcode 8.0";
			developmentRegion = en;
			hasScannedForEncodings = 0;
			knownRegions = (
				en,
				Base,
			);
			mainGroup = 943E3DA42059045F00A142B1;
			productRefGroup = 943E3DAE2059045F00A142B1 /* Products */;
			projectDirPath = "";
			projectRoot = "";
			targets = (
				943E3DAC2059045F00A142B1 /* OCMockitoSwift */,
				943E3DC9205904E000A142B1 /* OCMockitoSwiftTests */,
			);
		};
/* End PBXProject section */

/* Begin PBXResourcesBuildPhase section */
		943E3DAB2059045F00A142B1 /* Resources */ = {
			isa = PBXResourcesBuildPhase;
			buildActionMask = 2147483647;
			files = (
				943E3DBD2059045F00A142B1 /* LaunchScreen.storyboard in Resources */,
				943E3DBA2059045F00A142B1 /* Assets.xcassets in Resources */,
				943E3DB82059045F00A142B1 /* Main.storyboard in Resources */,
			);
			runOnlyForDeploymentPostprocessing = 0;
		};
		943E3DC8205904E000A142B1 /* Resources */ = {
			isa = PBXResourcesBuildPhase;
			buildActionMask = 2147483647;
			files = (
			);
			runOnlyForDeploymentPostprocessing = 0;
		};
/* End PBXResourcesBuildPhase section */

/* Begin PBXShellScriptBuildPhase section */
		35326E9564B5C5F18F113E16 /* [CP] Copy Pods Resources */ = {
			isa = PBXShellScriptBuildPhase;
			buildActionMask = 2147483647;
			files = (
			);
			inputPaths = (
			);
			name = "[CP] Copy Pods Resources";
			outputPaths = (
			);
			runOnlyForDeploymentPostprocessing = 0;
			shellPath = /bin/sh;
			shellScript = "\"${SRCROOT}/Pods/Target Support Files/Pods-OCMockitoSwiftTests/Pods-OCMockitoSwiftTests-resources.sh\"\n";
			showEnvVarsInLog = 0;
		};
		72C24057C56F3A87A5089D24 /* [CP] Check Pods Manifest.lock */ = {
			isa = PBXShellScriptBuildPhase;
			buildActionMask = 2147483647;
			files = (
			);
			inputPaths = (
				"${PODS_PODFILE_DIR_PATH}/Podfile.lock",
				"${PODS_ROOT}/Manifest.lock",
			);
			name = "[CP] Check Pods Manifest.lock";
			outputPaths = (
				"$(DERIVED_FILE_DIR)/Pods-OCMockitoSwift-checkManifestLockResult.txt",
			);
			runOnlyForDeploymentPostprocessing = 0;
			shellPath = /bin/sh;
			shellScript = "diff \"${PODS_PODFILE_DIR_PATH}/Podfile.lock\" \"${PODS_ROOT}/Manifest.lock\" > /dev/null\nif [ $? != 0 ] ; then\n    # print error to STDERR\n    echo \"error: The sandbox is not in sync with the Podfile.lock. Run 'pod install' or update your CocoaPods installation.\" >&2\n    exit 1\nfi\n# This output is used by Xcode 'outputs' to avoid re-running this script phase.\necho \"SUCCESS\" > \"${SCRIPT_OUTPUT_FILE_0}\"\n";
			showEnvVarsInLog = 0;
		};
		8D21E1E4C2CD5A1747BC6A4D /* [CP] Embed Pods Frameworks */ = {
			isa = PBXShellScriptBuildPhase;
			buildActionMask = 2147483647;
			files = (
			);
			inputPaths = (
				"${SRCROOT}/Pods/Target Support Files/Pods-OCMockitoSwiftTests/Pods-OCMockitoSwiftTests-frameworks.sh",
				"${BUILT_PRODUCTS_DIR}/Nimble/Nimble.framework",
				"${BUILT_PRODUCTS_DIR}/OCHamcrest/OCHamcrest.framework",
				"${BUILT_PRODUCTS_DIR}/OCMockito/OCMockito.framework",
				"${BUILT_PRODUCTS_DIR}/Quick/Quick.framework",
			);
			name = "[CP] Embed Pods Frameworks";
			outputPaths = (
				"${TARGET_BUILD_DIR}/${FRAMEWORKS_FOLDER_PATH}/Nimble.framework",
				"${TARGET_BUILD_DIR}/${FRAMEWORKS_FOLDER_PATH}/OCHamcrest.framework",
				"${TARGET_BUILD_DIR}/${FRAMEWORKS_FOLDER_PATH}/OCMockito.framework",
				"${TARGET_BUILD_DIR}/${FRAMEWORKS_FOLDER_PATH}/Quick.framework",
			);
			runOnlyForDeploymentPostprocessing = 0;
			shellPath = /bin/sh;
			shellScript = "\"${SRCROOT}/Pods/Target Support Files/Pods-OCMockitoSwiftTests/Pods-OCMockitoSwiftTests-frameworks.sh\"\n";
			showEnvVarsInLog = 0;
		};
		A19B7AA671C3B106CFF4C666 /* [CP] Copy Pods Resources */ = {
			isa = PBXShellScriptBuildPhase;
			buildActionMask = 2147483647;
			files = (
			);
			inputPaths = (
			);
			name = "[CP] Copy Pods Resources";
			outputPaths = (
			);
			runOnlyForDeploymentPostprocessing = 0;
			shellPath = /bin/sh;
			shellScript = "\"${SRCROOT}/Pods/Target Support Files/Pods-OCMockitoSwift/Pods-OCMockitoSwift-resources.sh\"\n";
			showEnvVarsInLog = 0;
		};
		C70EB1A23526E25C34DC4CC4 /* [CP] Embed Pods Frameworks */ = {
			isa = PBXShellScriptBuildPhase;
			buildActionMask = 2147483647;
			files = (
			);
			inputPaths = (
			);
			name = "[CP] Embed Pods Frameworks";
			outputPaths = (
			);
			runOnlyForDeploymentPostprocessing = 0;
			shellPath = /bin/sh;
			shellScript = "\"${SRCROOT}/Pods/Target Support Files/Pods-OCMockitoSwift/Pods-OCMockitoSwift-frameworks.sh\"\n";
			showEnvVarsInLog = 0;
		};
		E62D9A67FC37FFDF480AD84E /* [CP] Check Pods Manifest.lock */ = {
			isa = PBXShellScriptBuildPhase;
			buildActionMask = 2147483647;
			files = (
			);
			inputPaths = (
				"${PODS_PODFILE_DIR_PATH}/Podfile.lock",
				"${PODS_ROOT}/Manifest.lock",
			);
			name = "[CP] Check Pods Manifest.lock";
			outputPaths = (
				"$(DERIVED_FILE_DIR)/Pods-OCMockitoSwiftTests-checkManifestLockResult.txt",
			);
			runOnlyForDeploymentPostprocessing = 0;
			shellPath = /bin/sh;
			shellScript = "diff \"${PODS_PODFILE_DIR_PATH}/Podfile.lock\" \"${PODS_ROOT}/Manifest.lock\" > /dev/null\nif [ $? != 0 ] ; then\n    # print error to STDERR\n    echo \"error: The sandbox is not in sync with the Podfile.lock. Run 'pod install' or update your CocoaPods installation.\" >&2\n    exit 1\nfi\n# This output is used by Xcode 'outputs' to avoid re-running this script phase.\necho \"SUCCESS\" > \"${SCRIPT_OUTPUT_FILE_0}\"\n";
			showEnvVarsInLog = 0;
		};
/* End PBXShellScriptBuildPhase section */

/* Begin PBXSourcesBuildPhase section */
		943E3DA92059045F00A142B1 /* Sources */ = {
			isa = PBXSourcesBuildPhase;
			buildActionMask = 2147483647;
			files = (
				943E3DB52059045F00A142B1 /* ViewController.m in Sources */,
				943E3DC02059045F00A142B1 /* main.m in Sources */,
				943E3DB22059045F00A142B1 /* AppDelegate.m in Sources */,
			);
			runOnlyForDeploymentPostprocessing = 0;
		};
		943E3DC6205904E000A142B1 /* Sources */ = {
			isa = PBXSourcesBuildPhase;
			buildActionMask = 2147483647;
			files = (
				943E3DCD205904E000A142B1 /* OCMockitoSwiftTests.swift in Sources */,
				943E3DD72059079400A142B1 /* OCMockitoSwiftAdapter.m in Sources */,
				51043583ACAD17D9E6DA2806 /* TestClass.m in Sources */,
				51043BD6B8AB4C8DAA972390 /* ObjectiveCException.m in Sources */,
				510431D5EB41792C8482085B /* OCMockito.swift in Sources */,
			);
			runOnlyForDeploymentPostprocessing = 0;
		};
/* End PBXSourcesBuildPhase section */

/* Begin PBXTargetDependency section */
		943E3DD0205904E000A142B1 /* PBXTargetDependency */ = {
			isa = PBXTargetDependency;
			target = 943E3DAC2059045F00A142B1 /* OCMockitoSwift */;
			targetProxy = 943E3DCF205904E000A142B1 /* PBXContainerItemProxy */;
		};
/* End PBXTargetDependency section */

/* Begin PBXVariantGroup section */
		943E3DB62059045F00A142B1 /* Main.storyboard */ = {
			isa = PBXVariantGroup;
			children = (
				943E3DB72059045F00A142B1 /* Base */,
			);
			name = Main.storyboard;
			sourceTree = "<group>";
		};
		943E3DBB2059045F00A142B1 /* LaunchScreen.storyboard */ = {
			isa = PBXVariantGroup;
			children = (
				943E3DBC2059045F00A142B1 /* Base */,
			);
			name = LaunchScreen.storyboard;
			sourceTree = "<group>";
		};
/* End PBXVariantGroup section */

/* Begin XCBuildConfiguration section */
		943E3DC12059045F00A142B1 /* Debug */ = {
			isa = XCBuildConfiguration;
			buildSettings = {
				ALWAYS_SEARCH_USER_PATHS = NO;
				CLANG_ANALYZER_NONNULL = YES;
				CLANG_ANALYZER_NUMBER_OBJECT_CONVERSION = YES_AGGRESSIVE;
				CLANG_CXX_LANGUAGE_STANDARD = "gnu++14";
				CLANG_CXX_LIBRARY = "libc++";
				CLANG_ENABLE_MODULES = YES;
				CLANG_ENABLE_OBJC_ARC = YES;
				CLANG_WARN_BLOCK_CAPTURE_AUTORELEASING = YES;
				CLANG_WARN_BOOL_CONVERSION = YES;
				CLANG_WARN_COMMA = YES;
				CLANG_WARN_CONSTANT_CONVERSION = YES;
				CLANG_WARN_DIRECT_OBJC_ISA_USAGE = YES_ERROR;
				CLANG_WARN_DOCUMENTATION_COMMENTS = YES;
				CLANG_WARN_EMPTY_BODY = YES;
				CLANG_WARN_ENUM_CONVERSION = YES;
				CLANG_WARN_INFINITE_RECURSION = YES;
				CLANG_WARN_INT_CONVERSION = YES;
				CLANG_WARN_NON_LITERAL_NULL_CONVERSION = YES;
				CLANG_WARN_OBJC_LITERAL_CONVERSION = YES;
				CLANG_WARN_OBJC_ROOT_CLASS = YES_ERROR;
				CLANG_WARN_RANGE_LOOP_ANALYSIS = YES;
				CLANG_WARN_STRICT_PROTOTYPES = YES;
				CLANG_WARN_SUSPICIOUS_MOVE = YES;
				CLANG_WARN_UNGUARDED_AVAILABILITY = YES_AGGRESSIVE;
				CLANG_WARN_UNREACHABLE_CODE = YES;
				CLANG_WARN__DUPLICATE_METHOD_MATCH = YES;
				CODE_SIGN_IDENTITY = "iPhone Developer";
				COPY_PHASE_STRIP = NO;
				DEBUG_INFORMATION_FORMAT = dwarf;
				ENABLE_STRICT_OBJC_MSGSEND = YES;
				ENABLE_TESTABILITY = YES;
				GCC_C_LANGUAGE_STANDARD = gnu11;
				GCC_DYNAMIC_NO_PIC = NO;
				GCC_NO_COMMON_BLOCKS = YES;
				GCC_OPTIMIZATION_LEVEL = 0;
				GCC_PREPROCESSOR_DEFINITIONS = (
					"DEBUG=1",
					"$(inherited)",
				);
				GCC_WARN_64_TO_32_BIT_CONVERSION = YES;
				GCC_WARN_ABOUT_RETURN_TYPE = YES_ERROR;
				GCC_WARN_UNDECLARED_SELECTOR = YES;
				GCC_WARN_UNINITIALIZED_AUTOS = YES_AGGRESSIVE;
				GCC_WARN_UNUSED_FUNCTION = YES;
				GCC_WARN_UNUSED_VARIABLE = YES;
				IPHONEOS_DEPLOYMENT_TARGET = 11.2;
				MTL_ENABLE_DEBUG_INFO = YES;
				ONLY_ACTIVE_ARCH = YES;
				SDKROOT = iphoneos;
			};
			name = Debug;
		};
		943E3DC22059045F00A142B1 /* Release */ = {
			isa = XCBuildConfiguration;
			buildSettings = {
				ALWAYS_SEARCH_USER_PATHS = NO;
				CLANG_ANALYZER_NONNULL = YES;
				CLANG_ANALYZER_NUMBER_OBJECT_CONVERSION = YES_AGGRESSIVE;
				CLANG_CXX_LANGUAGE_STANDARD = "gnu++14";
				CLANG_CXX_LIBRARY = "libc++";
				CLANG_ENABLE_MODULES = YES;
				CLANG_ENABLE_OBJC_ARC = YES;
				CLANG_WARN_BLOCK_CAPTURE_AUTORELEASING = YES;
				CLANG_WARN_BOOL_CONVERSION = YES;
				CLANG_WARN_COMMA = YES;
				CLANG_WARN_CONSTANT_CONVERSION = YES;
				CLANG_WARN_DIRECT_OBJC_ISA_USAGE = YES_ERROR;
				CLANG_WARN_DOCUMENTATION_COMMENTS = YES;
				CLANG_WARN_EMPTY_BODY = YES;
				CLANG_WARN_ENUM_CONVERSION = YES;
				CLANG_WARN_INFINITE_RECURSION = YES;
				CLANG_WARN_INT_CONVERSION = YES;
				CLANG_WARN_NON_LITERAL_NULL_CONVERSION = YES;
				CLANG_WARN_OBJC_LITERAL_CONVERSION = YES;
				CLANG_WARN_OBJC_ROOT_CLASS = YES_ERROR;
				CLANG_WARN_RANGE_LOOP_ANALYSIS = YES;
				CLANG_WARN_STRICT_PROTOTYPES = YES;
				CLANG_WARN_SUSPICIOUS_MOVE = YES;
				CLANG_WARN_UNGUARDED_AVAILABILITY = YES_AGGRESSIVE;
				CLANG_WARN_UNREACHABLE_CODE = YES;
				CLANG_WARN__DUPLICATE_METHOD_MATCH = YES;
				CODE_SIGN_IDENTITY = "iPhone Developer";
				COPY_PHASE_STRIP = NO;
				DEBUG_INFORMATION_FORMAT = "dwarf-with-dsym";
				ENABLE_NS_ASSERTIONS = NO;
				ENABLE_STRICT_OBJC_MSGSEND = YES;
				GCC_C_LANGUAGE_STANDARD = gnu11;
				GCC_NO_COMMON_BLOCKS = YES;
				GCC_WARN_64_TO_32_BIT_CONVERSION = YES;
				GCC_WARN_ABOUT_RETURN_TYPE = YES_ERROR;
				GCC_WARN_UNDECLARED_SELECTOR = YES;
				GCC_WARN_UNINITIALIZED_AUTOS = YES_AGGRESSIVE;
				GCC_WARN_UNUSED_FUNCTION = YES;
				GCC_WARN_UNUSED_VARIABLE = YES;
				IPHONEOS_DEPLOYMENT_TARGET = 11.2;
				MTL_ENABLE_DEBUG_INFO = NO;
				SDKROOT = iphoneos;
				VALIDATE_PRODUCT = YES;
			};
			name = Release;
		};
		943E3DC42059045F00A142B1 /* Debug */ = {
			isa = XCBuildConfiguration;
			baseConfigurationReference = 1B7586734A650F123DAC512E /* Pods-OCMockitoSwift.debug.xcconfig */;
			buildSettings = {
				ASSETCATALOG_COMPILER_APPICON_NAME = AppIcon;
				CODE_SIGN_STYLE = Automatic;
				DEVELOPMENT_TEAM = DPE4LURAUZ;
				INFOPLIST_FILE = OCMockitoSwift/Info.plist;
				LD_RUNPATH_SEARCH_PATHS = "$(inherited) @executable_path/Frameworks";
				PRODUCT_BUNDLE_IDENTIFIER = com.thefabulous.OCMockitoSwift;
				PRODUCT_NAME = "$(TARGET_NAME)";
				TARGETED_DEVICE_FAMILY = "1,2";
			};
			name = Debug;
		};
		943E3DC52059045F00A142B1 /* Release */ = {
			isa = XCBuildConfiguration;
			baseConfigurationReference = E12D69502623D9E98E707B49 /* Pods-OCMockitoSwift.release.xcconfig */;
			buildSettings = {
				ASSETCATALOG_COMPILER_APPICON_NAME = AppIcon;
				CODE_SIGN_STYLE = Automatic;
				DEVELOPMENT_TEAM = DPE4LURAUZ;
				INFOPLIST_FILE = OCMockitoSwift/Info.plist;
				LD_RUNPATH_SEARCH_PATHS = "$(inherited) @executable_path/Frameworks";
				PRODUCT_BUNDLE_IDENTIFIER = com.thefabulous.OCMockitoSwift;
				PRODUCT_NAME = "$(TARGET_NAME)";
				TARGETED_DEVICE_FAMILY = "1,2";
			};
			name = Release;
		};
		943E3DD1205904E000A142B1 /* Debug */ = {
			isa = XCBuildConfiguration;
			baseConfigurationReference = 4D1F9AEE90C3E73F8A177D86 /* Pods-OCMockitoSwiftTests.debug.xcconfig */;
			buildSettings = {
				BUNDLE_LOADER = "$(TEST_HOST)";
				CLANG_ENABLE_MODULES = YES;
				CODE_SIGN_STYLE = Automatic;
				DEVELOPMENT_TEAM = DPE4LURAUZ;
				INFOPLIST_FILE = OCMockitoSwiftTests/Info.plist;
				LD_RUNPATH_SEARCH_PATHS = "$(inherited) @executable_path/Frameworks @loader_path/Frameworks";
				PRODUCT_BUNDLE_IDENTIFIER = com.thefabulous.OCMockitoSwiftTests;
				PRODUCT_NAME = "$(TARGET_NAME)";
				SWIFT_ACTIVE_COMPILATION_CONDITIONS = DEBUG;
				SWIFT_OBJC_BRIDGING_HEADER = "OCMockitoSwiftTests/OCMockitoSwiftTests-Bridging-Header.h";
				SWIFT_OPTIMIZATION_LEVEL = "-Onone";
				SWIFT_VERSION = 4.0;
				TARGETED_DEVICE_FAMILY = "1,2";
				TEST_HOST = "$(BUILT_PRODUCTS_DIR)/OCMockitoSwift.app/OCMockitoSwift";
			};
			name = Debug;
		};
		943E3DD2205904E000A142B1 /* Release */ = {
			isa = XCBuildConfiguration;
			baseConfigurationReference = 7DBB7C1F8ED86715C24DD8FF /* Pods-OCMockitoSwiftTests.release.xcconfig */;
			buildSettings = {
				BUNDLE_LOADER = "$(TEST_HOST)";
				CLANG_ENABLE_MODULES = YES;
				CODE_SIGN_STYLE = Automatic;
				DEVELOPMENT_TEAM = DPE4LURAUZ;
				INFOPLIST_FILE = OCMockitoSwiftTests/Info.plist;
				LD_RUNPATH_SEARCH_PATHS = "$(inherited) @executable_path/Frameworks @loader_path/Frameworks";
				PRODUCT_BUNDLE_IDENTIFIER = com.thefabulous.OCMockitoSwiftTests;
				PRODUCT_NAME = "$(TARGET_NAME)";
				SWIFT_OBJC_BRIDGING_HEADER = "OCMockitoSwiftTests/OCMockitoSwiftTests-Bridging-Header.h";
				SWIFT_OPTIMIZATION_LEVEL = "-Owholemodule";
				SWIFT_VERSION = 4.0;
				TARGETED_DEVICE_FAMILY = "1,2";
				TEST_HOST = "$(BUILT_PRODUCTS_DIR)/OCMockitoSwift.app/OCMockitoSwift";
			};
			name = Release;
		};
/* End XCBuildConfiguration section */

/* Begin XCConfigurationList section */
		943E3DA82059045F00A142B1 /* Build configuration list for PBXProject "OCMockitoSwift" */ = {
			isa = XCConfigurationList;
			buildConfigurations = (
				943E3DC12059045F00A142B1 /* Debug */,
				943E3DC22059045F00A142B1 /* Release */,
			);
			defaultConfigurationIsVisible = 0;
			defaultConfigurationName = Release;
		};
		943E3DC32059045F00A142B1 /* Build configuration list for PBXNativeTarget "OCMockitoSwift" */ = {
			isa = XCConfigurationList;
			buildConfigurations = (
				943E3DC42059045F00A142B1 /* Debug */,
				943E3DC52059045F00A142B1 /* Release */,
			);
			defaultConfigurationIsVisible = 0;
			defaultConfigurationName = Release;
		};
		943E3DD3205904E000A142B1 /* Build configuration list for PBXNativeTarget "OCMockitoSwiftTests" */ = {
			isa = XCConfigurationList;
			buildConfigurations = (
				943E3DD1205904E000A142B1 /* Debug */,
				943E3DD2205904E000A142B1 /* Release */,
			);
			defaultConfigurationIsVisible = 0;
			defaultConfigurationName = Release;
		};
/* End XCConfigurationList section */
	};
	rootObject = 943E3DA52059045F00A142B1 /* Project object */;
}
